// !$*UTF8*$!
{
	archiveVersion = 1;
	classes = {
	};
	objectVersion = 48;
	objects = {

/* Begin PBXBuildFile section */
		4FFCA76F21017DCD003B8500 /* AppDelegate.m in Sources */ = {isa = PBXBuildFile; fileRef = 4FFCA76E21017DCD003B8500 /* AppDelegate.m */; };
		4FFCA77221017DCD003B8500 /* ViewController.m in Sources */ = {isa = PBXBuildFile; fileRef = 4FFCA77121017DCD003B8500 /* ViewController.m */; };
		4FFCA77521017DCD003B8500 /* Main.storyboard in Resources */ = {isa = PBXBuildFile; fileRef = 4FFCA77321017DCD003B8500 /* Main.storyboard */; };
		4FFCA77721017DCD003B8500 /* Assets.xcassets in Resources */ = {isa = PBXBuildFile; fileRef = 4FFCA77621017DCD003B8500 /* Assets.xcassets */; };
		4FFCA77A21017DCD003B8500 /* LaunchScreen.storyboard in Resources */ = {isa = PBXBuildFile; fileRef = 4FFCA77821017DCD003B8500 /* LaunchScreen.storyboard */; };
		4FFCA77D21017DCD003B8500 /* main.m in Sources */ = {isa = PBXBuildFile; fileRef = 4FFCA77C21017DCD003B8500 /* main.m */; };
		4FFCA78621017DEA003B8500 /* CYSegmentedView.m in Sources */ = {isa = PBXBuildFile; fileRef = 4FFCA78521017DEA003B8500 /* CYSegmentedView.m */; };
/* End PBXBuildFile section */

/* Begin PBXFileReference section */
		4FFCA76A21017DCD003B8500 /* CYSegmentedView_Demo.app */ = {isa = PBXFileReference; explicitFileType = wrapper.application; includeInIndex = 0; path = CYSegmentedView_Demo.app; sourceTree = BUILT_PRODUCTS_DIR; };
		4FFCA76D21017DCD003B8500 /* AppDelegate.h */ = {isa = PBXFileReference; lastKnownFileType = sourcecode.c.h; path = AppDelegate.h; sourceTree = "<group>"; };
		4FFCA76E21017DCD003B8500 /* AppDelegate.m */ = {isa = PBXFileReference; lastKnownFileType = sourcecode.c.objc; path = AppDelegate.m; sourceTree = "<group>"; };
		4FFCA77021017DCD003B8500 /* ViewController.h */ = {isa = PBXFileReference; lastKnownFileType = sourcecode.c.h; path = ViewController.h; sourceTree = "<group>"; };
		4FFCA77121017DCD003B8500 /* ViewController.m */ = {isa = PBXFileReference; lastKnownFileType = sourcecode.c.objc; path = ViewController.m; sourceTree = "<group>"; };
		4FFCA77421017DCD003B8500 /* Base */ = {isa = PBXFileReference; lastKnownFileType = file.storyboard; name = Base; path = Base.lproj/Main.storyboard; sourceTree = "<group>"; };
		4FFCA77621017DCD003B8500 /* Assets.xcassets */ = {isa = PBXFileReference; lastKnownFileType = folder.assetcatalog; path = Assets.xcassets; sourceTree = "<group>"; };
		4FFCA77921017DCD003B8500 /* Base */ = {isa = PBXFileReference; lastKnownFileType = file.storyboard; name = Base; path = Base.lproj/LaunchScreen.storyboard; sourceTree = "<group>"; };
		4FFCA77B21017DCD003B8500 /* Info.plist */ = {isa = PBXFileReference; lastKnownFileType = text.plist.xml; path = Info.plist; sourceTree = "<group>"; };
		4FFCA77C21017DCD003B8500 /* main.m */ = {isa = PBXFileReference; lastKnownFileType = sourcecode.c.objc; path = main.m; sourceTree = "<group>"; };
		4FFCA78421017DEA003B8500 /* CYSegmentedView.h */ = {isa = PBXFileReference; fileEncoding = 4; lastKnownFileType = sourcecode.c.h; path = CYSegmentedView.h; sourceTree = "<group>"; };
		4FFCA78521017DEA003B8500 /* CYSegmentedView.m */ = {isa = PBXFileReference; fileEncoding = 4; lastKnownFileType = sourcecode.c.objc; path = CYSegmentedView.m; sourceTree = "<group>"; };
/* End PBXFileReference section */

/* Begin PBXFrameworksBuildPhase section */
		4FFCA76721017DCD003B8500 /* Frameworks */ = {
			isa = PBXFrameworksBuildPhase;
			buildActionMask = 2147483647;
			files = (
			);
			runOnlyForDeploymentPostprocessing = 0;
		};
/* End PBXFrameworksBuildPhase section */

/* Begin PBXGroup section */
		4FFCA76121017DCD003B8500 = {
			isa = PBXGroup;
			children = (
				4FFCA76C21017DCD003B8500 /* CYSegmentedView_Demo */,
				4FFCA76B21017DCD003B8500 /* Products */,
			);
			sourceTree = "<group>";
		};
		4FFCA76B21017DCD003B8500 /* Products */ = {
			isa = PBXGroup;
			children = (
				4FFCA76A21017DCD003B8500 /* CYSegmentedView_Demo.app */,
			);
			name = Products;
			sourceTree = "<group>";
		};
		4FFCA76C21017DCD003B8500 /* CYSegmentedView_Demo */ = {
			isa = PBXGroup;
			children = (
				4FFCA78321017DEA003B8500 /* CYSegmentedView */,
				4FFCA76D21017DCD003B8500 /* AppDelegate.h */,
				4FFCA76E21017DCD003B8500 /* AppDelegate.m */,
				4FFCA77021017DCD003B8500 /* ViewController.h */,
				4FFCA77121017DCD003B8500 /* ViewController.m */,
				4FFCA77321017DCD003B8500 /* Main.storyboard */,
				4FFCA77621017DCD003B8500 /* Assets.xcassets */,
				4FFCA77821017DCD003B8500 /* LaunchScreen.storyboard */,
				4FFCA77B21017DCD003B8500 /* Info.plist */,
				4FFCA77C21017DCD003B8500 /* main.m */,
			);
			path = CYSegmentedView_Demo;
			sourceTree = "<group>";
		};
		4FFCA78321017DEA003B8500 /* CYSegmentedView */ = {
			isa = PBXGroup;
			children = (
				4FFCA78421017DEA003B8500 /* CYSegmentedView.h */,
				4FFCA78521017DEA003B8500 /* CYSegmentedView.m */,
			);
			path = CYSegmentedView;
			sourceTree = "<group>";
		};
/* End PBXGroup section */

/* Begin PBXNativeTarget section */
		4FFCA76921017DCD003B8500 /* CYSegmentedView_Demo */ = {
			isa = PBXNativeTarget;
			buildConfigurationList = 4FFCA78021017DCD003B8500 /* Build configuration list for PBXNativeTarget "CYSegmentedView_Demo" */;
			buildPhases = (
				4FFCA76621017DCD003B8500 /* Sources */,
				4FFCA76721017DCD003B8500 /* Frameworks */,
				4FFCA76821017DCD003B8500 /* Resources */,
			);
			buildRules = (
			);
			dependencies = (
			);
			name = CYSegmentedView_Demo;
			productName = CYSegmentedView_Demo;
			productReference = 4FFCA76A21017DCD003B8500 /* CYSegmentedView_Demo.app */;
			productType = "com.apple.product-type.application";
		};
/* End PBXNativeTarget section */

/* Begin PBXProject section */
		4FFCA76221017DCD003B8500 /* Project object */ = {
			isa = PBXProject;
			attributes = {
				LastUpgradeCheck = 0920;
				ORGANIZATIONNAME = com.delims;
				TargetAttributes = {
					4FFCA76921017DCD003B8500 = {
						CreatedOnToolsVersion = 9.2;
						ProvisioningStyle = Automatic;
					};
				};
			};
			buildConfigurationList = 4FFCA76521017DCD003B8500 /* Build configuration list for PBXProject "CYSegmentedView_Demo" */;
			compatibilityVersion = "Xcode 8.0";
			developmentRegion = en;
			hasScannedForEncodings = 0;
			knownRegions = (
				en,
				Base,
			);
			mainGroup = 4FFCA76121017DCD003B8500;
			productRefGroup = 4FFCA76B21017DCD003B8500 /* Products */;
			projectDirPath = "";
			projectRoot = "";
			targets = (
				4FFCA76921017DCD003B8500 /* CYSegmentedView_Demo */,
			);
		};
/* End PBXProject section */

/* Begin PBXResourcesBuildPhase section */
		4FFCA76821017DCD003B8500 /* Resources */ = {
			isa = PBXResourcesBuildPhase;
			buildActionMask = 2147483647;
			files = (
				4FFCA77A21017DCD003B8500 /* LaunchScreen.storyboard in Resources */,
				4FFCA77721017DCD003B8500 /* Assets.xcassets in Resources */,
				4FFCA77521017DCD003B8500 /* Main.storyboard in Resources */,
			);
			runOnlyForDeploymentPostprocessing = 0;
		};
/* End PBXResourcesBuildPhase section */

/* Begin PBXSourcesBuildPhase section */
		4FFCA76621017DCD003B8500 /* Sources */ = {
			isa = PBXSourcesBuildPhase;
			buildActionMask = 2147483647;
			files = (
				4FFCA77221017DCD003B8500 /* ViewController.m in Sources */,
				4FFCA77D21017DCD003B8500 /* main.m in Sources */,
				4FFCA76F21017DCD003B8500 /* AppDelegate.m in Sources */,
				4FFCA78621017DEA003B8500 /* CYSegmentedView.m in Sources */,
			);
			runOnlyForDeploymentPostprocessing = 0;
		};
/* End PBXSourcesBuildPhase section */

/* Begin PBXVariantGroup section */
		4FFCA77321017DCD003B8500 /* Main.storyboard */ = {
			isa = PBXVariantGroup;
			children = (
				4FFCA77421017DCD003B8500 /* Base */,
			);
			name = Main.storyboard;
			sourceTree = "<group>";
		};
		4FFCA77821017DCD003B8500 /* LaunchScreen.storyboard */ = {
			isa = PBXVariantGroup;
			children = (
				4FFCA77921017DCD003B8500 /* Base */,
			);
			name = LaunchScreen.storyboard;
			sourceTree = "<group>";
		};
/* End PBXVariantGroup section */

/* Begin XCBuildConfiguration section */
		4FFCA77E21017DCD003B8500 /* Debug */ = {
			isa = XCBuildConfiguration;
			buildSettings = {
				ALWAYS_SEARCH_USER_PATHS = NO;
				CLANG_ANALYZER_NONNULL = YES;
				CLANG_ANALYZER_NUMBER_OBJECT_CONVERSION = YES_AGGRESSIVE;
				CLANG_CXX_LANGUAGE_STANDARD = "gnu++14";
				CLANG_CXX_LIBRARY = "libc++";
				CLANG_ENABLE_MODULES = YES;
				CLANG_ENABLE_OBJC_ARC = YES;
				CLANG_WARN_BLOCK_CAPTURE_AUTORELEASING = YES;
				CLANG_WARN_BOOL_CONVERSION = YES;
				CLANG_WARN_COMMA = YES;
				CLANG_WARN_CONSTANT_CONVERSION = YES;
				CLANG_WARN_DIRECT_OBJC_ISA_USAGE = YES_ERROR;
				CLANG_WARN_DOCUMENTATION_COMMENTS = YES;
				CLANG_WARN_EMPTY_BODY = YES;
				CLANG_WARN_ENUM_CONVERSION = YES;
				CLANG_WARN_INFINITE_RECURSION = YES;
				CLANG_WARN_INT_CONVERSION = YES;
				CLANG_WARN_NON_LITERAL_NULL_CONVERSION = YES;
				CLANG_WARN_OBJC_LITERAL_CONVERSION = YES;
				CLANG_WARN_OBJC_ROOT_CLASS = YES_ERROR;
				CLANG_WARN_RANGE_LOOP_ANALYSIS = YES;
				CLANG_WARN_STRICT_PROTOTYPES = YES;
				CLANG_WARN_SUSPICIOUS_MOVE = YES;
				CLANG_WARN_UNGUARDED_AVAILABILITY = YES_AGGRESSIVE;
				CLANG_WARN_UNREACHABLE_CODE = YES;
				CLANG_WARN__DUPLICATE_METHOD_MATCH = YES;
				CODE_SIGN_IDENTITY = "iPhone Developer";
				COPY_PHASE_STRIP = NO;
				DEBUG_INFORMATION_FORMAT = dwarf;
				ENABLE_STRICT_OBJC_MSGSEND = YES;
				ENABLE_TESTABILITY = YES;
				GCC_C_LANGUAGE_STANDARD = gnu11;
				GCC_DYNAMIC_NO_PIC = NO;
				GCC_NO_COMMON_BLOCKS = YES;
				GCC_OPTIMIZATION_LEVEL = 0;
				GCC_PREPROCESSOR_DEFINITIONS = (
					"DEBUG=1",
					"$(inherited)",
				);
				GCC_WARN_64_TO_32_BIT_CONVERSION = YES;
				GCC_WARN_ABOUT_RETURN_TYPE = YES_ERROR;
				GCC_WARN_UNDECLARED_SELECTOR = YES;
				GCC_WARN_UNINITIALIZED_AUTOS = YES_AGGRESSIVE;
				GCC_WARN_UNUSED_FUNCTION = YES;
				GCC_WARN_UNUSED_VARIABLE = YES;
				IPHONEOS_DEPLOYMENT_TARGET = 11.2;
				MTL_ENABLE_DEBUG_INFO = YES;
				ONLY_ACTIVE_ARCH = YES;
				SDKROOT = iphoneos;
			};
			name = Debug;
		};
		4FFCA77F21017DCD003B8500 /* Release */ = {
			isa = XCBuildConfiguration;
			buildSettings = {
				ALWAYS_SEARCH_USER_PATHS = NO;
				CLANG_ANALYZER_NONNULL = YES;
				CLANG_ANALYZER_NUMBER_OBJECT_CONVERSION = YES_AGGRESSIVE;
				CLANG_CXX_LANGUAGE_STANDARD = "gnu++14";
				CLANG_CXX_LIBRARY = "libc++";
				CLANG_ENABLE_MODULES = YES;
				CLANG_ENABLE_OBJC_ARC = YES;
				CLANG_WARN_BLOCK_CAPTURE_AUTORELEASING = YES;
				CLANG_WARN_BOOL_CONVERSION = YES;
				CLANG_WARN_COMMA = YES;
				CLANG_WARN_CONSTANT_CONVERSION = YES;
				CLANG_WARN_DIRECT_OBJC_ISA_USAGE = YES_ERROR;
				CLANG_WARN_DOCUMENTATION_COMMENTS = YES;
				CLANG_WARN_EMPTY_BODY = YES;
				CLANG_WARN_ENUM_CONVERSION = YES;
				CLANG_WARN_INFINITE_RECURSION = YES;
				CLANG_WARN_INT_CONVERSION = YES;
				CLANG_WARN_NON_LITERAL_NULL_CONVERSION = YES;
				CLANG_WARN_OBJC_LITERAL_CONVERSION = YES;
				CLANG_WARN_OBJC_ROOT_CLASS = YES_ERROR;
				CLANG_WARN_RANGE_LOOP_ANALYSIS = YES;
				CLANG_WARN_STRICT_PROTOTYPES = YES;
				CLANG_WARN_SUSPICIOUS_MOVE = YES;
				CLANG_WARN_UNGUARDED_AVAILABILITY = YES_AGGRESSIVE;
				CLANG_WARN_UNREACHABLE_CODE = YES;
				CLANG_WARN__DUPLICATE_METHOD_MATCH = YES;
				CODE_SIGN_IDENTITY = "iPhone Developer";
				COPY_PHASE_STRIP = NO;
				DEBUG_INFORMATION_FORMAT = "dwarf-with-dsym";
				ENABLE_NS_ASSERTIONS = NO;
				ENABLE_STRICT_OBJC_MSGSEND = YES;
				GCC_C_LANGUAGE_STANDARD = gnu11;
				GCC_NO_COMMON_BLOCKS = YES;
				GCC_WARN_64_TO_32_BIT_CONVERSION = YES;
				GCC_WARN_ABOUT_RETURN_TYPE = YES_ERROR;
				GCC_WARN_UNDECLARED_SELECTOR = YES;
				GCC_WARN_UNINITIALIZED_AUTOS = YES_AGGRESSIVE;
				GCC_WARN_UNUSED_FUNCTION = YES;
				GCC_WARN_UNUSED_VARIABLE = YES;
				IPHONEOS_DEPLOYMENT_TARGET = 11.2;
				MTL_ENABLE_DEBUG_INFO = NO;
				SDKROOT = iphoneos;
				VALIDATE_PRODUCT = YES;
			};
			name = Release;
		};
		4FFCA78121017DCD003B8500 /* Debug */ = {
			isa = XCBuildConfiguration;
			buildSettings = {
				ASSETCATALOG_COMPILER_APPICON_NAME = AppIcon;
				CODE_SIGN_STYLE = Automatic;
				DEVELOPMENT_TEAM = FZQ7JCCBAA;
				INFOPLIST_FILE = CYSegmentedView_Demo/Info.plist;
				LD_RUNPATH_SEARCH_PATHS = "$(inherited) @executable_path/Frameworks";
				PRODUCT_BUNDLE_IDENTIFIER = "delims.CYSegmentedView-Demo";
				PRODUCT_NAME = "$(TARGET_NAME)";
				TARGETED_DEVICE_FAMILY = "1,2";
			};
			name = Debug;
		};
		4FFCA78221017DCD003B8500 /* Release */ = {
			isa = XCBuildConfiguration;
			buildSettings = {
				ASSETCATALOG_COMPILER_APPICON_NAME = AppIcon;
				CODE_SIGN_STYLE = Automatic;
				DEVELOPMENT_TEAM = FZQ7JCCBAA;
				INFOPLIST_FILE = CYSegmentedView_Demo/Info.plist;
				LD_RUNPATH_SEARCH_PATHS = "$(inherited) @executable_path/Frameworks";
				PRODUCT_BUNDLE_IDENTIFIER = "delims.CYSegmentedView-Demo";
				PRODUCT_NAME = "$(TARGET_NAME)";
				TARGETED_DEVICE_FAMILY = "1,2";
			};
			name = Release;
		};
/* End XCBuildConfiguration section */

/* Begin XCConfigurationList section */
		4FFCA76521017DCD003B8500 /* Build configuration list for PBXProject "CYSegmentedView_Demo" */ = {
			isa = XCConfigurationList;
			buildConfigurations = (
				4FFCA77E21017DCD003B8500 /* Debug */,
				4FFCA77F21017DCD003B8500 /* Release */,
			);
			defaultConfigurationIsVisible = 0;
			defaultConfigurationName = Release;
		};
		4FFCA78021017DCD003B8500 /* Build configuration list for PBXNativeTarget "CYSegmentedView_Demo" */ = {
			isa = XCConfigurationList;
			buildConfigurations = (
				4FFCA78121017DCD003B8500 /* Debug */,
				4FFCA78221017DCD003B8500 /* Release */,
			);
			defaultConfigurationIsVisible = 0;
			defaultConfigurationName = Release;
		};
/* End XCConfigurationList section */
	};
	rootObject = 4FFCA76221017DCD003B8500 /* Project object */;
}
